
Microsoft Visual Studio Solution File, Format Version 12.00
# Visual Studio 15
VisualStudioVersion = 15.0.28307.645
MinimumVisualStudioVersion = 10.0.40219.1
Project("{FAE04EC0-301F-11D3-BF4B-00C04F79EFBC}") = "WerewolfVillage", "WerewolfVillage\WerewolfVillage.csproj", "{3D82CFB9-9A04-4AC1-88FA-96C25131637D}"
EndProject
Global
	GlobalSection(SolutionConfigurationPlatforms) = preSolution
		Debug|Any CPU = Debug|Any CPU
		Release|Any CPU = Release|Any CPU
	EndGlobalSection
	GlobalSection(ProjectConfigurationPlatforms) = postSolution
		{3D82CFB9-9A04-4AC1-88FA-96C25131637D}.Debug|Any CPU.ActiveCfg = Debug|Any CPU
		{3D82CFB9-9A04-4AC1-88FA-96C25131637D}.Debug|Any CPU.Build.0 = Debug|Any CPU
		{3D82CFB9-9A04-4AC1-88FA-96C25131637D}.Release|Any CPU.ActiveCfg = Release|Any CPU
		{3D82CFB9-9A04-4AC1-88FA-96C25131637D}.Release|Any CPU.Build.0 = Release|Any CPU
	EndGlobalSection
	GlobalSection(SolutionProperties) = preSolution
		HideSolutionNode = FALSE
	EndGlobalSection
	GlobalSection(ExtensibilityGlobals) = postSolution
		SolutionGuid = {131C37C3-5877-48C1-B41F-0E95FC2DDAD5}
	EndGlobalSection
EndGlobal
